{
  "name": "node-dmg",
  "version": "1.0.0",
  "lockfileVersion": 1,
  "requires": true,
  "dependencies": {
    "appdmg": {
      "version": "0.6.0",
      "resolved": "https://registry.npm.taobao.org/appdmg/download/appdmg-0.6.0.tgz",
      "integrity": "sha1-gbO+q2JKtFjmEE2Hxc+ksXIgOCE=",
      "requires": {
        "async": "^1.4.2",
        "ds-store": "^0.1.5",
        "execa": "^1.0.0",
        "fs-temp": "^1.0.0",
        "fs-xattr": "^0.3.0",
        "image-size": "^0.7.4",
        "is-my-json-valid": "^2.20.0",
        "minimist": "^1.1.3",
        "parse-color": "^1.0.0",
        "path-exists": "^4.0.0",
        "repeat-string": "^1.5.4"
      }
    },
    "array-buffer-from-string": {
      "version": "0.1.0",
      "resolved": "https://registry.npm.taobao.org/array-buffer-from-string/download/array-buffer-from-string-0.1.0.tgz",
      "integrity": "sha1-OxQ1H4YUnYTvxhLFrafthRadewc="
    },
    "async": {
      "version": "1.5.2",
      "resolved": "https://registry.npm.taobao.org/async/download/async-1.5.2.tgz?cache=0&other_urls=https%3A%2F%2Fregistry.npm.taobao.org%2Fasync%2Fdownload%2Fasync-1.5.2.tgz",
      "integrity": "sha1-7GphrlZIDAw8skHJVhjiCJL5Zyo="
    },
    "base32-encode": {
      "version": "0.1.1",
      "resolved": "https://registry.npm.taobao.org/base32-encode/download/base32-encode-0.1.1.tgz",
      "integrity": "sha1-dRD2qkTixpW378smc6RU+PhQXqA="
    },
    "bplist-creator": {
      "version": "0.0.8",
      "resolved": "https://registry.npm.taobao.org/bplist-creator/download/bplist-creator-0.0.8.tgz",
      "integrity": "sha1-VrKm556a7D/DO/gx0JNH1zeU55w=",
      "requires": {
        "stream-buffers": "~2.2.0"
      }
    },
    "color-convert": {
      "version": "0.5.3",
      "resolved": "https://registry.npm.taobao.org/color-convert/download/color-convert-0.5.3.tgz",
      "integrity": "sha1-vbbGnOZg+t/+CwAHzER+G59ygr0="
    },
    "cross-spawn": {
      "version": "6.0.5",
      "resolved": "https://registry.npm.taobao.org/cross-spawn/download/cross-spawn-6.0.5.tgz",
      "integrity": "sha1-Sl7Hxk364iw6FBJNus3uhG2Ay8Q=",
      "requires": {
        "nice-try": "^1.0.4",
        "path-key": "^2.0.1",
        "semver": "^5.5.0",
        "shebang-command": "^1.2.0",
        "which": "^1.2.9"
      }
    },
    "ds-store": {
      "version": "0.1.6",
      "resolved": "https://registry.npm.taobao.org/ds-store/download/ds-store-0.1.6.tgz",
      "integrity": "sha1-0QJO90btDBPw9/7IXH6FjoxLfKc=",
      "requires": {
        "bplist-creator": "~0.0.3",
        "macos-alias": "~0.2.5",
        "tn1150": "^0.1.0"
      }
    },
    "end-of-stream": {
      "version": "1.4.4",
      "resolved": "https://registry.npm.taobao.org/end-of-stream/download/end-of-stream-1.4.4.tgz",
      "integrity": "sha1-WuZKX0UFe682JuwU2gyl5LJDHrA=",
      "requires": {
        "once": "^1.4.0"
      }
    },
    "execa": {
      "version": "1.0.0",
      "resolved": "https://registry.npm.taobao.org/execa/download/execa-1.0.0.tgz",
      "integrity": "sha1-xiNqW7TfbW8V6I5/AXeYIWdJ3dg=",
      "requires": {
        "cross-spawn": "^6.0.0",
        "get-stream": "^4.0.0",
        "is-stream": "^1.1.0",
        "npm-run-path": "^2.0.0",
        "p-finally": "^1.0.0",
        "signal-exit": "^3.0.0",
        "strip-eof": "^1.0.0"
      }
    },
    "fmix": {
      "version": "0.1.0",
      "resolved": "https://registry.npm.taobao.org/fmix/download/fmix-0.1.0.tgz",
      "integrity": "sha1-x7vxJN7ELJ0ZHPuUfQqXeN2YbAw=",
      "requires": {
        "imul": "^1.0.0"
      }
    },
    "fs-temp": {
      "version": "1.1.2",
      "resolved": "https://registry.npm.taobao.org/fs-temp/download/fs-temp-1.1.2.tgz",
      "integrity": "sha1-zFLwOLvv5RD2vNCexZK3nQ9pJT8=",
      "requires": {
        "random-path": "^0.1.0"
      }
    },
    "fs-xattr": {
      "version": "0.3.0",
      "resolved": "https://registry.npm.taobao.org/fs-xattr/download/fs-xattr-0.3.0.tgz",
      "integrity": "sha1-AZZC6sxJ80MGGvGd5ME1Q4lVia0="
    },
    "generate-function": {
      "version": "2.3.1",
      "resolved": "https://registry.npm.taobao.org/generate-function/download/generate-function-2.3.1.tgz",
      "integrity": "sha1-8GlhdpDBDIaOc7hGV0Z2T5fDR58=",
      "requires": {
        "is-property": "^1.0.2"
      }
    },
    "generate-object-property": {
      "version": "1.2.0",
      "resolved": "https://registry.npm.taobao.org/generate-object-property/download/generate-object-property-1.2.0.tgz",
      "integrity": "sha1-nA4cQDCM6AT0eDYYuTf6iPmdUNA=",
      "requires": {
        "is-property": "^1.0.0"
      }
    },
    "get-stream": {
      "version": "4.1.0",
      "resolved": "https://registry.npm.taobao.org/get-stream/download/get-stream-4.1.0.tgz",
      "integrity": "sha1-wbJVV189wh1Zv8ec09K0axw6VLU=",
      "requires": {
        "pump": "^3.0.0"
      }
    },
    "image-size": {
      "version": "0.7.5",
      "resolved": "https://registry.npm.taobao.org/image-size/download/image-size-0.7.5.tgz?cache=0&sync_timestamp=1569841504754&other_urls=https%3A%2F%2Fregistry.npm.taobao.org%2Fimage-size%2Fdownload%2Fimage-size-0.7.5.tgz",
      "integrity": "sha1-Jp81fPV5fLRGg9+pl5DlTHBerQQ="
    },
    "imul": {
      "version": "1.0.1",
      "resolved": "https://registry.npm.taobao.org/imul/download/imul-1.0.1.tgz",
      "integrity": "sha1-nVhnFh6LPelsLDjV3HyxAvNeKsk="
    },
    "is-my-ip-valid": {
      "version": "1.0.0",
      "resolved": "https://registry.npm.taobao.org/is-my-ip-valid/download/is-my-ip-valid-1.0.0.tgz",
      "integrity": "sha1-ezUbjo7dTTmV1NBmaA5mTZRpaCQ="
    },
    "is-my-json-valid": {
      "version": "2.20.0",
      "resolved": "https://registry.npm.taobao.org/is-my-json-valid/download/is-my-json-valid-2.20.0.tgz",
      "integrity": "sha1-E0Wm/KPo2u/BDQ+ncGf1TO2v1Zo=",
      "requires": {
        "generate-function": "^2.0.0",
        "generate-object-property": "^1.1.0",
        "is-my-ip-valid": "^1.0.0",
        "jsonpointer": "^4.0.0",
        "xtend": "^4.0.0"
      }
    },
    "is-property": {
      "version": "1.0.2",
      "resolved": "https://registry.npm.taobao.org/is-property/download/is-property-1.0.2.tgz",
      "integrity": "sha1-V/4cTkhHTt1lsJkR8msc1Ald2oQ="
    },
    "is-stream": {
      "version": "1.1.0",
      "resolved": "https://registry.npm.taobao.org/is-stream/download/is-stream-1.1.0.tgz",
      "integrity": "sha1-EtSj3U5o4Lec6428hBc66A2RykQ="
    },
    "isexe": {
      "version": "2.0.0",
      "resolved": "https://registry.npm.taobao.org/isexe/download/isexe-2.0.0.tgz",
      "integrity": "sha1-6PvzdNxVb/iUehDcsFctYz8s+hA="
    },
    "jsonpointer": {
      "version": "4.0.1",
      "resolved": "https://registry.npm.taobao.org/jsonpointer/download/jsonpointer-4.0.1.tgz",
      "integrity": "sha1-T9kss04OnbPInIYi7PUfm5eMbLk="
    },
    "macos-alias": {
      "version": "0.2.11",
      "resolved": "https://registry.npm.taobao.org/macos-alias/download/macos-alias-0.2.11.tgz",
      "integrity": "sha1-/u6mwTuhGYFKQ/xDxHCzHlnvcYo=",
      "requires": {
        "nan": "^2.4.0"
      }
    },
    "minimist": {
      "version": "1.2.5",
      "resolved": "https://registry.npmjs.org/minimist/-/minimist-1.2.5.tgz",
      "integrity": "sha512-FM9nNUYrRBAELZQT3xeZQ7fmMOBg6nWNmJKTcgsJeaLstP/UODVpGsr5OhXhhXg6f+qtJ8uiZ+PUxkDWcgIXLw=="
    },
    "murmur-32": {
      "version": "0.1.0",
      "resolved": "https://registry.npm.taobao.org/murmur-32/download/murmur-32-0.1.0.tgz",
      "integrity": "sha1-waedT8X6vwQFdJ0K/3fEFAIFWGE=",
      "requires": {
        "array-buffer-from-string": "^0.1.0",
        "fmix": "^0.1.0",
        "imul": "^1.0.0"
      }
    },
    "nan": {
      "version": "2.14.0",
      "resolved": "https://registry.npm.taobao.org/nan/download/nan-2.14.0.tgz",
      "integrity": "sha1-eBj3IgJ7JFmobwKV1DTR/CM2xSw="
    },
    "nice-try": {
      "version": "1.0.5",
      "resolved": "https://registry.npm.taobao.org/nice-try/download/nice-try-1.0.5.tgz",
      "integrity": "sha1-ozeKdpbOfSI+iPybdkvX7xCJ42Y="
    },
    "npm-run-path": {
      "version": "2.0.2",
      "resolved": "https://registry.npm.taobao.org/npm-run-path/download/npm-run-path-2.0.2.tgz?cache=0&sync_timestamp=1571055779038&other_urls=https%3A%2F%2Fregistry.npm.taobao.org%2Fnpm-run-path%2Fdownload%2Fnpm-run-path-2.0.2.tgz",
      "integrity": "sha1-NakjLfo11wZ7TLLd8jV7GHFTbF8=",
      "requires": {
        "path-key": "^2.0.0"
      }
    },
    "once": {
      "version": "1.4.0",
      "resolved": "https://registry.npm.taobao.org/once/download/once-1.4.0.tgz",
      "integrity": "sha1-WDsap3WWHUsROsF9nFC6753Xa9E=",
      "requires": {
        "wrappy": "1"
      }
    },
    "p-finally": {
      "version": "1.0.0",
      "resolved": "https://registry.npm.taobao.org/p-finally/download/p-finally-1.0.0.tgz",
      "integrity": "sha1-P7z7FbiZpEEjs0ttzBi3JDNqLK4="
    },
    "parse-color": {
      "version": "1.0.0",
      "resolved": "https://registry.npm.taobao.org/parse-color/download/parse-color-1.0.0.tgz",
      "integrity": "sha1-e3SLlag/A/FqlPU15S1/PZRlhhk=",
      "requires": {
        "color-convert": "~0.5.0"
      }
    },
    "path-exists": {
      "version": "4.0.0",
      "resolved": "https://registry.npm.taobao.org/path-exists/download/path-exists-4.0.0.tgz",
      "integrity": "sha1-UTvb4tO5XXdi6METfvoZXGxhtbM="
    },
    "path-key": {
      "version": "2.0.1",
      "resolved": "https://registry.npm.taobao.org/path-key/download/path-key-2.0.1.tgz",
      "integrity": "sha1-QRyttXTFoUDTpLGRDUDYDMn0C0A="
    },
    "pump": {
      "version": "3.0.0",
      "resolved": "https://registry.npm.taobao.org/pump/download/pump-3.0.0.tgz",
      "integrity": "sha1-tKIRaBW94vTh6mAjVOjHVWUQemQ=",
      "requires": {
        "end-of-stream": "^1.1.0",
        "once": "^1.3.1"
      }
    },
    "random-path": {
      "version": "0.1.1",
      "resolved": "https://registry.npm.taobao.org/random-path/download/random-path-0.1.1.tgz",
      "integrity": "sha1-+PTTb3WhNMoV/TnH11BfvxY7Y0w=",
      "requires": {
        "base32-encode": "^0.1.0",
        "murmur-32": "^0.1.0"
      }
    },
    "repeat-string": {
      "version": "1.6.1",
      "resolved": "https://registry.npm.taobao.org/repeat-string/download/repeat-string-1.6.1.tgz",
      "integrity": "sha1-jcrkcOHIirwtYA//Sndihtp15jc="
    },
    "semver": {
      "version": "5.7.1",
      "resolved": "https://registry.npm.taobao.org/semver/download/semver-5.7.1.tgz",
      "integrity": "sha1-qVT5Ma66UI0we78Gnv8MAclhFvc="
    },
    "shebang-command": {
      "version": "1.2.0",
      "resolved": "https://registry.npm.taobao.org/shebang-command/download/shebang-command-1.2.0.tgz",
      "integrity": "sha1-RKrGW2lbAzmJaMOfNj/uXer98eo=",
      "requires": {
        "shebang-regex": "^1.0.0"
      }
    },
    "shebang-regex": {
      "version": "1.0.0",
      "resolved": "https://registry.npm.taobao.org/shebang-regex/download/shebang-regex-1.0.0.tgz",
      "integrity": "sha1-2kL0l0DAtC2yypcoVxyxkMmO/qM="
    },
    "signal-exit": {
      "version": "3.0.2",
      "resolved": "https://registry.npm.taobao.org/signal-exit/download/signal-exit-3.0.2.tgz",
      "integrity": "sha1-tf3AjxKH6hF4Yo5BXiUTK3NkbG0="
    },
    "stream-buffers": {
      "version": "2.2.0",
      "resolved": "https://registry.npm.taobao.org/stream-buffers/download/stream-buffers-2.2.0.tgz",
      "integrity": "sha1-kdX1Ew0c75bc+n9yaUUYh0HQnuQ="
    },
    "strip-eof": {
      "version": "1.0.0",
      "resolved": "https://registry.npm.taobao.org/strip-eof/download/strip-eof-1.0.0.tgz",
      "integrity": "sha1-u0P/VZim6wXYm1n80SnJgzE2Br8="
    },
    "tn1150": {
      "version": "0.1.0",
      "resolved": "https://registry.npm.taobao.org/tn1150/download/tn1150-0.1.0.tgz",
      "integrity": "sha1-ZzUD0k1WuH3ouMd/7j/AhT1ZoY0=",
      "requires": {
        "unorm": "^1.4.1"
      }
    },
    "unorm": {
      "version": "1.6.0",
      "resolved": "https://registry.npm.taobao.org/unorm/download/unorm-1.6.0.tgz",
      "integrity": "sha1-ApsolmH7pxTxqa9DnrUdmxbCBa8="
    },
    "which": {
      "version": "1.3.1",
      "resolved": "https://registry.npm.taobao.org/which/download/which-1.3.1.tgz?cache=0&sync_timestamp=1570145314160&other_urls=https%3A%2F%2Fregistry.npm.taobao.org%2Fwhich%2Fdownload%2Fwhich-1.3.1.tgz",
      "integrity": "sha1-pFBD1U9YBTFtqNYvn1CRjT2nCwo=",
      "requires": {
        "isexe": "^2.0.0"
      }
    },
    "wrappy": {
      "version": "1.0.2",
      "resolved": "https://registry.npm.taobao.org/wrappy/download/wrappy-1.0.2.tgz",
      "integrity": "sha1-tSQ9jz7BqjXxNkYFvA0QNuMKtp8="
    },
    "xtend": {
      "version": "4.0.2",
      "resolved": "https://registry.npm.taobao.org/xtend/download/xtend-4.0.2.tgz?cache=0&other_urls=https%3A%2F%2Fregistry.npm.taobao.org%2Fxtend%2Fdownload%2Fxtend-4.0.2.tgz",
      "integrity": "sha1-u3J3n1+kZRhrH0OPZ0+jR/2121Q="
    }
  }
}
